
Microsoft Visual Studio Solution File, Format Version 12.00
# Visual Studio Version 17
VisualStudioVersion = 17.11.35327.3
MinimumVisualStudioVersion = 10.0.40219.1
Project("{9A19103F-16F7-4668-BE54-9A1E7A4F7556}") = "ApiEndpoint", "ApiEndpoint\ApiEndpoint.csproj", "{238B1AB1-CBB2-42BF-BC39-03BA23737A71}"
EndProject
Project("{FAE04EC0-301F-11D3-BF4B-00C04F79EFBC}") = "ApiEndpoint.Tests", "ApiEndpoint.Tests\ApiEndpoint.Tests.csproj", "{1EA6E6AA-0B73-4603-9B45-F6652EA7087D}"
EndProject
Global
	GlobalSection(SolutionConfigurationPlatforms) = preSolution
		Debug|Any CPU = Debug|Any CPU
		Release|Any CPU = Release|Any CPU
	EndGlobalSection
	GlobalSection(ProjectConfigurationPlatforms) = postSolution
		{238B1AB1-CBB2-42BF-BC39-03BA23737A71}.Debug|Any CPU.ActiveCfg = Debug|Any CPU
		{238B1AB1-CBB2-42BF-BC39-03BA23737A71}.Debug|Any CPU.Build.0 = Debug|Any CPU
		{238B1AB1-CBB2-42BF-BC39-03BA23737A71}.Release|Any CPU.ActiveCfg = Release|Any CPU
		{238B1AB1-CBB2-42BF-BC39-03BA23737A71}.Release|Any CPU.Build.0 = Release|Any CPU
		{1EA6E6AA-0B73-4603-9B45-F6652EA7087D}.Debug|Any CPU.ActiveCfg = Debug|Any CPU
		{1EA6E6AA-0B73-4603-9B45-F6652EA7087D}.Debug|Any CPU.Build.0 = Debug|Any CPU
		{1EA6E6AA-0B73-4603-9B45-F6652EA7087D}.Release|Any CPU.ActiveCfg = Release|Any CPU
		{1EA6E6AA-0B73-4603-9B45-F6652EA7087D}.Release|Any CPU.Build.0 = Release|Any CPU
	EndGlobalSection
	GlobalSection(SolutionProperties) = preSolution
		HideSolutionNode = FALSE
	EndGlobalSection
	GlobalSection(ExtensibilityGlobals) = postSolution
		SolutionGuid = {7CF7BF5C-C3B5-4673-8BCD-C98C52717657}
	EndGlobalSection
EndGlobal
